
Microsoft Visual Studio Solution File, Format Version 12.00
# Visual Studio 15
VisualStudioVersion = 15.0.26730.3
MinimumVisualStudioVersion = 10.0.40219.1
Project("{FAE04EC0-301F-11D3-BF4B-00C04F79EFBC}") = "RazorWorks", "RazorWorks\RazorWorks.csproj", "{42A43176-4919-4994-A4DD-43BD551C9BAC}"
EndProject
Global
	GlobalSection(SolutionConfigurationPlatforms) = preSolution
		Debug|Any CPU = Debug|Any CPU
		Release|Any CPU = Release|Any CPU
	EndGlobalSection
	GlobalSection(ProjectConfigurationPlatforms) = postSolution
		{42A43176-4919-4994-A4DD-43BD551C9BAC}.Debug|Any CPU.ActiveCfg = Debug|Any CPU
		{42A43176-4919-4994-A4DD-43BD551C9BAC}.Debug|Any CPU.Build.0 = Debug|Any CPU
		{42A43176-4919-4994-A4DD-43BD551C9BAC}.Release|Any CPU.ActiveCfg = Release|Any CPU
		{42A43176-4919-4994-A4DD-43BD551C9BAC}.Release|Any CPU.Build.0 = Release|Any CPU
	EndGlobalSection
	GlobalSection(SolutionProperties) = preSolution
		HideSolutionNode = FALSE
	EndGlobalSection
	GlobalSection(ExtensibilityGlobals) = postSolution
		SolutionGuid = {CC03B8DD-612A-409A-B229-ACE45BE0C0C7}
	EndGlobalSection
EndGlobal
